
Microsoft Visual Studio Solution File, Format Version 12.00
# Visual Studio Version 17
VisualStudioVersion = 17.4.33213.308
MinimumVisualStudioVersion = 10.0.40219.1
Project("{9A19103F-16F7-4668-BE54-9A1E7A4F7556}") = "cqrs-dotnet", "CqrsDotnet\CqrsDotnet.csproj", "{C41887E3-543C-494C-8799-8BF5220184D2}"
EndProject
Project("{FAE04EC0-301F-11D3-BF4B-00C04F79EFBC}") = "application", "Application\Application.csproj", "{1F54D9EB-5430-4830-8FDC-B1A059CDCC60}"
EndProject
Global
	GlobalSection(SolutionConfigurationPlatforms) = preSolution
		Debug|Any CPU = Debug|Any CPU
		Release|Any CPU = Release|Any CPU
	EndGlobalSection
	GlobalSection(ProjectConfigurationPlatforms) = postSolution
		{C41887E3-543C-494C-8799-8BF5220184D2}.Debug|Any CPU.ActiveCfg = Debug|Any CPU
		{C41887E3-543C-494C-8799-8BF5220184D2}.Debug|Any CPU.Build.0 = Debug|Any CPU
		{C41887E3-543C-494C-8799-8BF5220184D2}.Release|Any CPU.ActiveCfg = Release|Any CPU
		{C41887E3-543C-494C-8799-8BF5220184D2}.Release|Any CPU.Build.0 = Release|Any CPU
		{1F54D9EB-5430-4830-8FDC-B1A059CDCC60}.Debug|Any CPU.ActiveCfg = Debug|Any CPU
		{1F54D9EB-5430-4830-8FDC-B1A059CDCC60}.Debug|Any CPU.Build.0 = Debug|Any CPU
		{1F54D9EB-5430-4830-8FDC-B1A059CDCC60}.Release|Any CPU.ActiveCfg = Release|Any CPU
		{1F54D9EB-5430-4830-8FDC-B1A059CDCC60}.Release|Any CPU.Build.0 = Release|Any CPU
	EndGlobalSection
	GlobalSection(SolutionProperties) = preSolution
		HideSolutionNode = FALSE
	EndGlobalSection
	GlobalSection(ExtensibilityGlobals) = postSolution
		SolutionGuid = {0EF00952-F952-44A0-9292-DEEEEAB76AF5}
	EndGlobalSection
EndGlobal
